
Microsoft Visual Studio Solution File, Format Version 12.00
# Visual Studio Version 16
VisualStudioVersion = 16.0.29306.81
MinimumVisualStudioVersion = 10.0.40219.1
Project("{FAE04EC0-301F-11D3-BF4B-00C04F79EFBC}") = "Question5", "Question5\Question5.csproj", "{9F59E04B-DB8F-4824-9DE9-CD04014EE7F8}"
EndProject
Global
	GlobalSection(SolutionConfigurationPlatforms) = preSolution
		Debug|Any CPU = Debug|Any CPU
		Release|Any CPU = Release|Any CPU
	EndGlobalSection
	GlobalSection(ProjectConfigurationPlatforms) = postSolution
		{9F59E04B-DB8F-4824-9DE9-CD04014EE7F8}.Debug|Any CPU.ActiveCfg = Debug|Any CPU
		{9F59E04B-DB8F-4824-9DE9-CD04014EE7F8}.Debug|Any CPU.Build.0 = Debug|Any CPU
		{9F59E04B-DB8F-4824-9DE9-CD04014EE7F8}.Release|Any CPU.ActiveCfg = Release|Any CPU
		{9F59E04B-DB8F-4824-9DE9-CD04014EE7F8}.Release|Any CPU.Build.0 = Release|Any CPU
	EndGlobalSection
	GlobalSection(SolutionProperties) = preSolution
		HideSolutionNode = FALSE
	EndGlobalSection
	GlobalSection(ExtensibilityGlobals) = postSolution
		SolutionGuid = {A15CA9E9-BF21-4FCD-8F4C-7EBC362FEFA3}
	EndGlobalSection
EndGlobal
