
Microsoft Visual Studio Solution File, Format Version 12.00
# Visual Studio Version 16
VisualStudioVersion = 16.0.29306.81
MinimumVisualStudioVersion = 10.0.40219.1
Project("{FAE04EC0-301F-11D3-BF4B-00C04F79EFBC}") = "Question1", "Question1\Question1.csproj", "{5438B090-B1C1-481E-B165-3510C9A897A7}"
EndProject
Global
	GlobalSection(SolutionConfigurationPlatforms) = preSolution
		Debug|Any CPU = Debug|Any CPU
		Release|Any CPU = Release|Any CPU
	EndGlobalSection
	GlobalSection(ProjectConfigurationPlatforms) = postSolution
		{5438B090-B1C1-481E-B165-3510C9A897A7}.Debug|Any CPU.ActiveCfg = Debug|Any CPU
		{5438B090-B1C1-481E-B165-3510C9A897A7}.Debug|Any CPU.Build.0 = Debug|Any CPU
		{5438B090-B1C1-481E-B165-3510C9A897A7}.Release|Any CPU.ActiveCfg = Release|Any CPU
		{5438B090-B1C1-481E-B165-3510C9A897A7}.Release|Any CPU.Build.0 = Release|Any CPU
	EndGlobalSection
	GlobalSection(SolutionProperties) = preSolution
		HideSolutionNode = FALSE
	EndGlobalSection
	GlobalSection(ExtensibilityGlobals) = postSolution
		SolutionGuid = {0C396C49-B48C-4154-8DFB-B6DCFC9B216C}
	EndGlobalSection
EndGlobal
