
Microsoft Visual Studio Solution File, Format Version 12.00
# Visual Studio Version 16
VisualStudioVersion = 16.0.29306.81
MinimumVisualStudioVersion = 10.0.40219.1
Project("{FAE04EC0-301F-11D3-BF4B-00C04F79EFBC}") = "Question3", "Question3\Question3.csproj", "{2396B31E-F9D5-444B-AD31-6F986B0CB591}"
EndProject
Project("{FAE04EC0-301F-11D3-BF4B-00C04F79EFBC}") = "BusinessLogic", "BusinessLogic\BusinessLogic.csproj", "{A5A0578F-F8D8-4527-80DB-F4349F5081E9}"
EndProject
Project("{FAE04EC0-301F-11D3-BF4B-00C04F79EFBC}") = "DataLayer", "DataHandler\DataLayer.csproj", "{2FEA7191-2FF7-4670-A137-084D0B98227D}"
EndProject
Global
	GlobalSection(SolutionConfigurationPlatforms) = preSolution
		Debug|Any CPU = Debug|Any CPU
		Release|Any CPU = Release|Any CPU
	EndGlobalSection
	GlobalSection(ProjectConfigurationPlatforms) = postSolution
		{2396B31E-F9D5-444B-AD31-6F986B0CB591}.Debug|Any CPU.ActiveCfg = Debug|Any CPU
		{2396B31E-F9D5-444B-AD31-6F986B0CB591}.Debug|Any CPU.Build.0 = Debug|Any CPU
		{2396B31E-F9D5-444B-AD31-6F986B0CB591}.Release|Any CPU.ActiveCfg = Release|Any CPU
		{2396B31E-F9D5-444B-AD31-6F986B0CB591}.Release|Any CPU.Build.0 = Release|Any CPU
		{A5A0578F-F8D8-4527-80DB-F4349F5081E9}.Debug|Any CPU.ActiveCfg = Debug|Any CPU
		{A5A0578F-F8D8-4527-80DB-F4349F5081E9}.Debug|Any CPU.Build.0 = Debug|Any CPU
		{A5A0578F-F8D8-4527-80DB-F4349F5081E9}.Release|Any CPU.ActiveCfg = Release|Any CPU
		{A5A0578F-F8D8-4527-80DB-F4349F5081E9}.Release|Any CPU.Build.0 = Release|Any CPU
		{2FEA7191-2FF7-4670-A137-084D0B98227D}.Debug|Any CPU.ActiveCfg = Debug|Any CPU
		{2FEA7191-2FF7-4670-A137-084D0B98227D}.Debug|Any CPU.Build.0 = Debug|Any CPU
		{2FEA7191-2FF7-4670-A137-084D0B98227D}.Release|Any CPU.ActiveCfg = Release|Any CPU
		{2FEA7191-2FF7-4670-A137-084D0B98227D}.Release|Any CPU.Build.0 = Release|Any CPU
	EndGlobalSection
	GlobalSection(SolutionProperties) = preSolution
		HideSolutionNode = FALSE
	EndGlobalSection
	GlobalSection(ExtensibilityGlobals) = postSolution
		SolutionGuid = {8244872F-A31B-44B2-987B-30FDBEB3CF6E}
	EndGlobalSection
EndGlobal
